{
  "nodes": {
    "flake-utils": {
      "locked": {
        "lastModified": 1649676176,
        "narHash": "sha256-OWKJratjt2RW151VUlJPRALb7OU2S5s+f0vLj4o1bHM=",
        "owner": "numtide",
        "repo": "flake-utils",
        "rev": "a4b154ebbdc88c8498a5c7b01589addc9e9cb678",
        "type": "github"
      },
      "original": {
        "id": "flake-utils",
        "type": "indirect"
      }
    },
    "lowdown-src": {
      "flake": false,
      "locked": {
        "lastModified": 1633514407,
        "narHash": "sha256-Dw32tiMjdK9t3ETl5fzGrutQTzh2rufgZV4A/BbxuD4=",
        "owner": "kristapsdz",
        "repo": "lowdown",
        "rev": "d2c2b44ff6c27b936ec27358a2653caaef8f73b8",
        "type": "github"
      },
      "original": {
        "owner": "kristapsdz",
        "repo": "lowdown",
        "type": "github"
      }
    },
    "nix": {
      "inputs": {
        "lowdown-src": "lowdown-src",
        "nixpkgs": [
          "nixpkgs"
        ],
        "nixpkgs-regression": "nixpkgs-regression"
      },
      "locked": {
        "lastModified": 1649248539,
        "narHash": "sha256-sVPvXoOJ3AD3J3Dc23bc5yaX1vMqBISKapeIgkGN9Vo=",
        "owner": "dguibert",
        "repo": "nix",
        "rev": "308af50297c19dff03b1221d710067f39410309c",
        "type": "github"
      },
      "original": {
        "id": "nix",
        "type": "indirect"
      }
    },
    "nixpack": {
      "inputs": {
        "nixpkgs": [
          "nixpkgs"
        ],
        "spack": [
          "spack"
        ]
      },
      "locked": {
        "lastModified": 1649323185,
        "narHash": "sha256-sEjqcO4bEEBy+jA2GVpzz3Ef4k0Fc1+GKZCkJfkHs6A=",
        "owner": "dguibert",
        "repo": "nixpack",
        "rev": "325c050f04261fa16f6d1181f88433ef2d1c578f",
        "type": "github"
      },
      "original": {
        "id": "nixpack",
        "type": "indirect"
      }
    },
    "nixpkgs": {
      "locked": {
        "lastModified": 1643280501,
        "narHash": "sha256-si8oPOPRsRgup9hD+CkzBY3aBBZ7dIaKfJhrYM6q8ks=",
        "owner": "dguibert",
        "repo": "nixpkgs",
        "rev": "6e7f2ba21477844b0dbc41702e6d521554fc276f",
        "type": "github"
      },
      "original": {
        "id": "nixpkgs",
        "type": "indirect"
      }
    },
    "nixpkgs-regression": {
      "locked": {
        "lastModified": 1643052045,
        "narHash": "sha256-uGJ0VXIhWKGXxkeNnq4TvV3CIOkUJ3PAoLZ3HMzNVMw=",
        "owner": "NixOS",
        "repo": "nixpkgs",
        "rev": "215d4d0fd80ca5163643b03a33fde804a29cc1e2",
        "type": "github"
      },
      "original": {
        "id": "nixpkgs",
        "rev": "215d4d0fd80ca5163643b03a33fde804a29cc1e2",
        "type": "indirect"
      }
    },
    "nur_dguibert": {
      "inputs": {
        "flake-utils": [
          "flake-utils"
        ],
        "nix": [
          "nix"
        ],
        "nixpkgs": [
          "nixpkgs"
        ]
      },
      "locked": {
        "lastModified": 1641308884,
        "narHash": "sha256-sB9vWPVBn+XBp6Gxpq6euo5SzSCrQI7WE8cSj2l1OVg=",
        "owner": "dguibert",
        "repo": "nur-packages",
        "rev": "1482d8a5980a02a5feaf823c8da6fb8a42eb5fb3",
        "type": "github"
      },
      "original": {
        "id": "nur_dguibert",
        "type": "indirect"
      }
    },
    "root": {
      "inputs": {
        "flake-utils": "flake-utils",
        "nix": "nix",
        "nixpack": "nixpack",
        "nixpkgs": "nixpkgs",
        "nur_dguibert": "nur_dguibert",
        "spack": "spack"
      }
    },
    "spack": {
      "flake": false,
      "locked": {
        "lastModified": 1644844268,
        "narHash": "sha256-s+lFfVRA3Z0nQK1mubxh/KGQ/G2yQ1kBRJrcKHil25M=",
        "ref": "develop",
        "rev": "57fff278b8729c11f442a6841e50f1e253e3c1a5",
        "revCount": 24688,
        "type": "git",
        "url": "https://castle.frec.bull.fr:24443/bguibertd/spack.git"
      },
      "original": {
        "id": "spack",
        "type": "indirect"
      }
    }
  },
  "root": "root",
  "version": 7
}
