{
  "nodes": {
    "flake-utils": {
      "locked": {
        "lastModified": 1649676176,
        "narHash": "sha256-OWKJratjt2RW151VUlJPRALb7OU2S5s+f0vLj4o1bHM=",
        "owner": "numtide",
        "repo": "flake-utils",
        "rev": "a4b154ebbdc88c8498a5c7b01589addc9e9cb678",
        "type": "github"
      },
      "original": {
        "id": "flake-utils",
        "type": "indirect"
      }
    },
    "lowdown-src": {
      "flake": false,
      "locked": {
        "lastModified": 1633514407,
        "narHash": "sha256-Dw32tiMjdK9t3ETl5fzGrutQTzh2rufgZV4A/BbxuD4=",
        "owner": "kristapsdz",
        "repo": "lowdown",
        "rev": "d2c2b44ff6c27b936ec27358a2653caaef8f73b8",
        "type": "github"
      },
      "original": {
        "owner": "kristapsdz",
        "repo": "lowdown",
        "type": "github"
      }
    },
    "nix": {
      "inputs": {
        "lowdown-src": "lowdown-src",
        "nixpkgs": [
          "nixpkgs"
        ],
        "nixpkgs-regression": "nixpkgs-regression"
      },
      "locked": {
        "lastModified": 1649248539,
        "narHash": "sha256-sVPvXoOJ3AD3J3Dc23bc5yaX1vMqBISKapeIgkGN9Vo=",
        "owner": "dguibert",
        "repo": "nix",
        "rev": "308af50297c19dff03b1221d710067f39410309c",
        "type": "github"
      },
      "original": {
        "id": "nix",
        "type": "indirect"
      }
    },
    "nixpack": {
      "inputs": {
        "nixpkgs": [
          "nixpkgs"
        ],
        "spack": [
          "spack"
        ]
      },
      "locked": {
        "lastModified": 1651233337,
        "narHash": "sha256-QbdpTKefHC47ulrTwNE55PRwOvKXVUhCJsY4V2H7Xlk=",
        "owner": "dguibert",
        "repo": "nixpack",
        "rev": "64e56710350dfbf1f532203781d31d180225d9cb",
        "type": "github"
      },
      "original": {
        "id": "nixpack",
        "type": "indirect"
      }
    },
    "nixpkgs": {
      "locked": {
        "lastModified": 1651091218,
        "narHash": "sha256-bYVOJsE8Llvhaa3TBhTRV8muexjmelVS3W5jwygmw+w=",
        "owner": "dguibert",
        "repo": "nixpkgs",
        "rev": "bc2ea7d294f0dc159251283eb5bee80c137fa9ca",
        "type": "github"
      },
      "original": {
        "id": "nixpkgs",
        "type": "indirect"
      }
    },
    "nixpkgs-regression": {
      "locked": {
        "lastModified": 1643052045,
        "narHash": "sha256-uGJ0VXIhWKGXxkeNnq4TvV3CIOkUJ3PAoLZ3HMzNVMw=",
        "owner": "NixOS",
        "repo": "nixpkgs",
        "rev": "215d4d0fd80ca5163643b03a33fde804a29cc1e2",
        "type": "github"
      },
      "original": {
        "id": "nixpkgs",
        "rev": "215d4d0fd80ca5163643b03a33fde804a29cc1e2",
        "type": "indirect"
      }
    },
    "nur_dguibert": {
      "inputs": {
        "flake-utils": [
          "flake-utils"
        ],
        "nix": [
          "nix"
        ],
        "nixpkgs": [
          "nixpkgs"
        ]
      },
      "locked": {
        "lastModified": 1651416226,
        "narHash": "sha256-Y6yz3Cv+wDOHu9tPuLVEMJ1CFcdOXNNgU94BZn2pHu4=",
        "owner": "dguibert",
        "repo": "nur-packages",
        "rev": "81f660a8112938bc960172f96b956078417b745e",
        "type": "github"
      },
      "original": {
        "id": "nur_dguibert",
        "type": "indirect"
      }
    },
    "root": {
      "inputs": {
        "flake-utils": "flake-utils",
        "nix": "nix",
        "nixpack": "nixpack",
        "nixpkgs": "nixpkgs",
        "nur_dguibert": "nur_dguibert",
        "spack": "spack"
      }
    },
    "spack": {
      "flake": false,
      "locked": {
        "lastModified": 1651213353,
        "narHash": "sha256-8kveCcZ47RgzJRxA+wdEyx+cQcCYc+vaXgcgMYI1cSk=",
        "ref": "develop",
        "rev": "2221070706bf6ad4712d4b1c0b5e590179b11f6c",
        "revCount": 25865,
        "type": "git",
        "url": "https://castle.frec.bull.fr:24443/bguibertd/spack.git"
      },
      "original": {
        "id": "spack",
        "type": "indirect"
      }
    }
  },
  "root": "root",
  "version": 7
}
