{
  "nodes": {
    "flake-compat": {
      "flake": false,
      "locked": {
        "lastModified": 1673956053,
        "narHash": "sha256-4gtG9iQuiKITOjNQQeQIpoIB6b16fm+504Ch3sNKLd8=",
        "owner": "edolstra",
        "repo": "flake-compat",
        "rev": "35bb57c0c8d8b62bbfd284272c928ceb64ddbde9",
        "type": "github"
      },
      "original": {
        "owner": "edolstra",
        "repo": "flake-compat",
        "type": "github"
      }
    },
    "flake-utils": {
      "locked": {
        "lastModified": 1667395993,
        "narHash": "sha256-nuEHfE/LcWyuSWnS8t12N1wc105Qtau+/OdUAjtQ0rA=",
        "owner": "numtide",
        "repo": "flake-utils",
        "rev": "5aed5285a952e0b949eb3ba02c12fa4fcfef535f",
        "type": "github"
      },
      "original": {
        "id": "flake-utils",
        "type": "indirect"
      }
    },
    "gitignore": {
      "inputs": {
        "nixpkgs": [
          "upstream",
          "pre-commit-hooks",
          "nixpkgs"
        ]
      },
      "locked": {
        "lastModified": 1660459072,
        "narHash": "sha256-8DFJjXG8zqoONA1vXtgeKXy68KdJL5UaXR8NtVMUbx8=",
        "owner": "hercules-ci",
        "repo": "gitignore.nix",
        "rev": "a20de23b925fd8264fd7fad6454652e142fd7f73",
        "type": "github"
      },
      "original": {
        "owner": "hercules-ci",
        "repo": "gitignore.nix",
        "type": "github"
      }
    },
    "hpcw": {
      "flake": false,
      "locked": {
        "lastModified": 1675677664,
        "narHash": "sha256-O1Nq7SjvpWo9DNjoHywByOP+E0OjnEFid6OVi9nKmX4=",
        "ref": "refs/heads/master",
        "rev": "7f53137aab10dd0f84bfc7773712d21311eeae93",
        "revCount": 1101,
        "type": "git",
        "url": "ssh://spartan/home_nfs/bguibertd/work/hpcw"
      },
      "original": {
        "type": "git",
        "url": "ssh://spartan/home_nfs/bguibertd/work/hpcw"
      }
    },
    "nixpack": {
      "inputs": {
        "nixpkgs": [
          "upstream",
          "nixpkgs"
        ],
        "spack": [
          "upstream",
          "spack"
        ]
      },
      "locked": {
        "lastModified": 1669321435,
        "narHash": "sha256-KeDDeg2TKeTxh+opMYHaqBqURcaXJo80MR5JmK1cEus=",
        "owner": "dguibert",
        "repo": "nixpack",
        "rev": "fa8efb33d2fb060d4b6310051caf448f699f72c7",
        "type": "github"
      },
      "original": {
        "owner": "dguibert",
        "ref": "pu",
        "repo": "nixpack",
        "type": "github"
      }
    },
    "nixpkgs": {
      "locked": {
        "lastModified": 1675592619,
        "narHash": "sha256-e1vpahqpl+aJdW/6AKns61OBlJnAH7gn8AJwKuZRL7s=",
        "owner": "dguibert",
        "repo": "nixpkgs",
        "rev": "131e809b806aff8dee3982eab60ae6ff44b05cf6",
        "type": "github"
      },
      "original": {
        "owner": "dguibert",
        "ref": "pu",
        "repo": "nixpkgs",
        "type": "github"
      }
    },
    "nixpkgs-stable": {
      "locked": {
        "lastModified": 1673800717,
        "narHash": "sha256-SFHraUqLSu5cC6IxTprex/nTsI81ZQAtDvlBvGDWfnA=",
        "owner": "NixOS",
        "repo": "nixpkgs",
        "rev": "2f9fd351ec37f5d479556cd48be4ca340da59b8f",
        "type": "github"
      },
      "original": {
        "owner": "NixOS",
        "ref": "nixos-22.11",
        "repo": "nixpkgs",
        "type": "github"
      }
    },
    "pre-commit-hooks": {
      "inputs": {
        "flake-compat": "flake-compat",
        "flake-utils": [
          "upstream",
          "flake-utils"
        ],
        "gitignore": "gitignore",
        "nixpkgs": [
          "upstream",
          "nixpkgs"
        ],
        "nixpkgs-stable": "nixpkgs-stable"
      },
      "locked": {
        "lastModified": 1675688762,
        "narHash": "sha256-oit/SxMk0B380ASuztBGQLe8TttO1GJiXF8aZY9AYEc=",
        "owner": "cachix",
        "repo": "pre-commit-hooks.nix",
        "rev": "ab608394886fb04b8a5df3cb0bab2598400e3634",
        "type": "github"
      },
      "original": {
        "owner": "cachix",
        "repo": "pre-commit-hooks.nix",
        "type": "github"
      }
    },
    "root": {
      "inputs": {
        "flake-utils": [
          "upstream",
          "flake-utils"
        ],
        "nixpkgs": [
          "upstream",
          "nixpkgs"
        ],
        "upstream": "upstream"
      }
    },
    "spack": {
      "flake": false,
      "locked": {
        "lastModified": 1663934778,
        "narHash": "sha256-GK0AvGk5NvahAygOjObCd7t2g4dIarNstv9QnOGm04Q=",
        "ref": "develop",
        "rev": "9f86af36e930396cbfe803230a3e697a91c1ca94",
        "revCount": 27583,
        "type": "git",
        "url": "https://castle.frec.bull.fr:24443/bguibertd/spack.git"
      },
      "original": {
        "ref": "develop",
        "type": "git",
        "url": "https://castle.frec.bull.fr:24443/bguibertd/spack.git"
      }
    },
    "upstream": {
      "inputs": {
        "flake-utils": "flake-utils",
        "hpcw": "hpcw",
        "nixpack": "nixpack",
        "nixpkgs": "nixpkgs",
        "pre-commit-hooks": "pre-commit-hooks",
        "spack": "spack"
      },
      "locked": {
        "lastModified": 0,
        "narHash": "sha256-AP2ABDvl4NBt0UCwpYVUltb96C9fbjNqY7eMhtBeg4I=",
        "path": "../..",
        "type": "path"
      },
      "original": {
        "path": "../..",
        "type": "path"
      }
    }
  },
  "root": "root",
  "version": 7
}
