{
  "nodes": {
    "dwl-src": {
      "flake": false,
      "locked": {
        "lastModified": 1676568278,
        "narHash": "sha256-cd4c4pCkpnaqAwAhuoN9/3MHsHPMum3Go3Q0DgtPjfg=",
        "owner": "dguibert",
        "repo": "dwl",
        "rev": "ab7e93d3223c819f03d52ac57e7b3883e2718c3e",
        "type": "github"
      },
      "original": {
        "owner": "dguibert",
        "ref": "pu",
        "repo": "dwl",
        "type": "github"
      }
    },
    "dwm-src": {
      "flake": false,
      "locked": {
        "lastModified": 1649608053,
        "narHash": "sha256-+v2wof46XG/n85zVY82GIuKgzr0K9s1apPfaDSyuqos=",
        "owner": "dguibert",
        "repo": "dwm",
        "rev": "306e1790145849abd30ef6c81051755a6813ff30",
        "type": "github"
      },
      "original": {
        "owner": "dguibert",
        "ref": "pu",
        "repo": "dwm",
        "type": "github"
      }
    },
    "flake-compat": {
      "flake": false,
      "locked": {
        "lastModified": 1673956053,
        "narHash": "sha256-4gtG9iQuiKITOjNQQeQIpoIB6b16fm+504Ch3sNKLd8=",
        "owner": "edolstra",
        "repo": "flake-compat",
        "rev": "35bb57c0c8d8b62bbfd284272c928ceb64ddbde9",
        "type": "github"
      },
      "original": {
        "owner": "edolstra",
        "repo": "flake-compat",
        "type": "github"
      }
    },
    "flake-utils": {
      "locked": {
        "lastModified": 1676283394,
        "narHash": "sha256-XX2f9c3iySLCw54rJ/CZs+ZK6IQy7GXNY4nSOyu2QG4=",
        "owner": "numtide",
        "repo": "flake-utils",
        "rev": "3db36a8b464d0c4532ba1c7dda728f4576d6d073",
        "type": "github"
      },
      "original": {
        "owner": "numtide",
        "repo": "flake-utils",
        "type": "github"
      }
    },
    "flake-utils_2": {
      "locked": {
        "lastModified": 1676283394,
        "narHash": "sha256-XX2f9c3iySLCw54rJ/CZs+ZK6IQy7GXNY4nSOyu2QG4=",
        "path": "/nix/store/fy3x5qk811q1kjilcv1416p311pfh1a5-source",
        "rev": "3db36a8b464d0c4532ba1c7dda728f4576d6d073",
        "type": "path"
      },
      "original": {
        "id": "flake-utils",
        "type": "indirect"
      }
    },
    "gitignore": {
      "inputs": {
        "nixpkgs": [
          "upstream",
          "pre-commit-hooks",
          "nixpkgs"
        ]
      },
      "locked": {
        "lastModified": 1660459072,
        "narHash": "sha256-8DFJjXG8zqoONA1vXtgeKXy68KdJL5UaXR8NtVMUbx8=",
        "owner": "hercules-ci",
        "repo": "gitignore.nix",
        "rev": "a20de23b925fd8264fd7fad6454652e142fd7f73",
        "type": "github"
      },
      "original": {
        "owner": "hercules-ci",
        "repo": "gitignore.nix",
        "type": "github"
      }
    },
    "hpcw": {
      "flake": false,
      "locked": {
        "lastModified": 1677668511,
        "narHash": "sha256-dBKlLZFsUKijEHbq1T2HvqXEExUUYRr29KGZV6akVgk=",
        "ref": "dg/spack",
        "rev": "96dea16f9f9f0305fd3d7a8c2b1e1a580d8151ac",
        "revCount": 1190,
        "type": "git",
        "url": "ssh://spartan/home_nfs/bguibertd/work/hpcw"
      },
      "original": {
        "ref": "dg/spack",
        "type": "git",
        "url": "ssh://spartan/home_nfs/bguibertd/work/hpcw"
      }
    },
    "lowdown-src": {
      "flake": false,
      "locked": {
        "lastModified": 1633514407,
        "narHash": "sha256-Dw32tiMjdK9t3ETl5fzGrutQTzh2rufgZV4A/BbxuD4=",
        "owner": "kristapsdz",
        "repo": "lowdown",
        "rev": "d2c2b44ff6c27b936ec27358a2653caaef8f73b8",
        "type": "github"
      },
      "original": {
        "owner": "kristapsdz",
        "repo": "lowdown",
        "type": "github"
      }
    },
    "mako-src": {
      "flake": false,
      "locked": {
        "lastModified": 1675707480,
        "narHash": "sha256-2BubGuceEDNAKBzO2MQ5c1EsfR4Cwx8LIY29VOrWorU=",
        "owner": "emersion",
        "repo": "mako",
        "rev": "94016082c82f199c02bfe420d06783d160424176",
        "type": "github"
      },
      "original": {
        "owner": "emersion",
        "ref": "master",
        "repo": "mako",
        "type": "github"
      }
    },
    "nix": {
      "inputs": {
        "lowdown-src": "lowdown-src",
        "nixpkgs": [
          "nixpkgs",
          "upstream",
          "nixpkgs"
        ],
        "nixpkgs-regression": "nixpkgs-regression"
      },
      "locked": {
        "lastModified": 1671696784,
        "narHash": "sha256-nZ8foWVEOEGbihQSx0qKy/h7sKx1kEPNTqjJkzDzISY=",
        "owner": "dguibert",
        "repo": "nix",
        "rev": "f582a4354d48d499fdfc52607c7b6b7260adbac4",
        "type": "github"
      },
      "original": {
        "owner": "dguibert",
        "ref": "pu",
        "repo": "nix",
        "type": "github"
      }
    },
    "nixpack": {
      "inputs": {
        "nixpkgs": [
          "upstream",
          "nixpkgs"
        ],
        "spack": [
          "upstream",
          "spack"
        ]
      },
      "locked": {
        "lastModified": 1669321435,
        "narHash": "sha256-KeDDeg2TKeTxh+opMYHaqBqURcaXJo80MR5JmK1cEus=",
        "owner": "dguibert",
        "repo": "nixpack",
        "rev": "fa8efb33d2fb060d4b6310051caf448f699f72c7",
        "type": "github"
      },
      "original": {
        "owner": "dguibert",
        "ref": "pu",
        "repo": "nixpack",
        "type": "github"
      }
    },
    "nixpkgs": {
      "inputs": {
        "flake-utils": [
          "nixpkgs",
          "upstream",
          "flake-utils"
        ],
        "nix": [
          "nixpkgs",
          "upstream",
          "nix"
        ],
        "nixpkgs": [
          "nixpkgs",
          "upstream",
          "nixpkgs"
        ],
        "upstream": "upstream"
      },
      "locked": {
        "dir": "nixpkgs/spartan",
        "lastModified": 1677255273,
        "narHash": "sha256-JwnSHUIrn34ePtrcnjNo3ZyXNECPI0mmPr8plkujO+s=",
        "ref": "host/spartan",
        "rev": "9837d179d81e705508ff162fe45708fa53178d46",
        "revCount": 926,
        "type": "git",
        "url": "file:///home/dguibert/nur-packages?dir=nixpkgs%2fspartan"
      },
      "original": {
        "dir": "nixpkgs/spartan",
        "owner": "dguibert",
        "ref": "host/spartan",
        "repo": "nur-packages",
        "type": "github"
      }
    },
    "nixpkgs-regression": {
      "locked": {
        "lastModified": 1643052045,
        "narHash": "sha256-uGJ0VXIhWKGXxkeNnq4TvV3CIOkUJ3PAoLZ3HMzNVMw=",
        "owner": "NixOS",
        "repo": "nixpkgs",
        "rev": "215d4d0fd80ca5163643b03a33fde804a29cc1e2",
        "type": "github"
      },
      "original": {
        "owner": "NixOS",
        "repo": "nixpkgs",
        "rev": "215d4d0fd80ca5163643b03a33fde804a29cc1e2",
        "type": "github"
      }
    },
    "nixpkgs-stable": {
      "locked": {
        "lastModified": 1673800717,
        "narHash": "sha256-SFHraUqLSu5cC6IxTprex/nTsI81ZQAtDvlBvGDWfnA=",
        "owner": "NixOS",
        "repo": "nixpkgs",
        "rev": "2f9fd351ec37f5d479556cd48be4ca340da59b8f",
        "type": "github"
      },
      "original": {
        "owner": "NixOS",
        "ref": "nixos-22.11",
        "repo": "nixpkgs",
        "type": "github"
      }
    },
    "nixpkgs_2": {
      "locked": {
        "lastModified": 1677222384,
        "narHash": "sha256-2pjFZtwf34YHQ7gCCoC52Od7MZpXM2AUXRkGtybatpM=",
        "owner": "dguibert",
        "repo": "nixpkgs",
        "rev": "f6178219ee4ce8d6b3cd94f22418b261021243c1",
        "type": "github"
      },
      "original": {
        "owner": "dguibert",
        "ref": "pu",
        "repo": "nixpkgs",
        "type": "github"
      }
    },
    "pre-commit-hooks": {
      "inputs": {
        "flake-compat": "flake-compat",
        "flake-utils": [
          "upstream",
          "flake-utils"
        ],
        "gitignore": "gitignore",
        "nixpkgs": [
          "upstream",
          "nixpkgs"
        ],
        "nixpkgs-stable": "nixpkgs-stable"
      },
      "locked": {
        "lastModified": 1677160285,
        "narHash": "sha256-tBzpCjMP+P3Y3nKLYvdBkXBg3KvTMo3gvi8tLQaqXVY=",
        "owner": "cachix",
        "repo": "pre-commit-hooks.nix",
        "rev": "2bd861ab81469428d9c823ef72c4bb08372dd2c4",
        "type": "github"
      },
      "original": {
        "owner": "cachix",
        "repo": "pre-commit-hooks.nix",
        "type": "github"
      }
    },
    "root": {
      "inputs": {
        "flake-utils": [
          "upstream",
          "flake-utils"
        ],
        "nixpkgs": "nixpkgs",
        "upstream": "upstream_2"
      }
    },
    "spack": {
      "flake": false,
      "locked": {
        "lastModified": 1663934778,
        "narHash": "sha256-GK0AvGk5NvahAygOjObCd7t2g4dIarNstv9QnOGm04Q=",
        "ref": "develop",
        "rev": "9f86af36e930396cbfe803230a3e697a91c1ca94",
        "revCount": 27583,
        "type": "git",
        "url": "https://castle.frec.bull.fr:24443/bguibertd/spack.git"
      },
      "original": {
        "ref": "develop",
        "type": "git",
        "url": "https://castle.frec.bull.fr:24443/bguibertd/spack.git"
      }
    },
    "st-src": {
      "flake": false,
      "locked": {
        "lastModified": 1619005886,
        "narHash": "sha256-PGD1oVKzaFARUJnn+IhgcDwqx8xuvnouLhUjaGwsMto=",
        "owner": "dguibert",
        "repo": "st",
        "rev": "d7faa1e059e1cdb7ba0d2383c1f0fc81d6d00e15",
        "type": "github"
      },
      "original": {
        "owner": "dguibert",
        "ref": "pu",
        "repo": "st",
        "type": "github"
      }
    },
    "upstream": {
      "inputs": {
        "dwl-src": "dwl-src",
        "dwm-src": "dwm-src",
        "flake-utils": "flake-utils",
        "mako-src": "mako-src",
        "nix": "nix",
        "nixpkgs": "nixpkgs_2",
        "st-src": "st-src"
      },
      "locked": {
        "lastModified": 1677255243,
        "narHash": "sha256-obeLlFzHVp4z/RSNh1qTBYeb8P/nC+k2F1WkBBqutzQ=",
        "owner": "dguibert",
        "repo": "nur-packages",
        "rev": "5fb57d624df57ff1abd4243d064d4b77b5984c0b",
        "type": "github"
      },
      "original": {
        "owner": "dguibert",
        "ref": "master",
        "repo": "nur-packages",
        "type": "github"
      }
    },
    "upstream_2": {
      "inputs": {
        "flake-utils": "flake-utils_2",
        "hpcw": "hpcw",
        "nixpack": "nixpack",
        "nixpkgs": [
          "nixpkgs"
        ],
        "pre-commit-hooks": "pre-commit-hooks",
        "spack": "spack"
      },
      "locked": {
        "lastModified": 1677668532,
        "narHash": "sha256-tYmjkAbx81H7ebGlEbxcmit9vL2s3wGaa7FSO5E8dWY=",
        "path": "../..",
        "type": "path"
      },
      "original": {
        "owner": "dguibert",
        "ref": "main",
        "repo": "nixpack-pkgs",
        "type": "github"
      }
    }
  },
  "root": "root",
  "version": 7
}
