{
  "nodes": {
    "dwl-src": {
      "flake": false,
      "locked": {
        "lastModified": 1677423151,
        "narHash": "sha256-UpJQp2xQp85Afr2ziZBQamkxj/lsHTixK6k4pD7NYq0=",
        "owner": "dguibert",
        "repo": "dwl",
        "rev": "bbc28c5c7e6236a25b007e43ce54c8ec776a1e04",
        "type": "github"
      },
      "original": {
        "owner": "dguibert",
        "ref": "pu",
        "repo": "dwl",
        "type": "github"
      }
    },
    "dwm-src": {
      "flake": false,
      "locked": {
        "lastModified": 1649608053,
        "narHash": "sha256-+v2wof46XG/n85zVY82GIuKgzr0K9s1apPfaDSyuqos=",
        "owner": "dguibert",
        "repo": "dwm",
        "rev": "306e1790145849abd30ef6c81051755a6813ff30",
        "type": "github"
      },
      "original": {
        "owner": "dguibert",
        "ref": "pu",
        "repo": "dwm",
        "type": "github"
      }
    },
    "flake-compat": {
      "flake": false,
      "locked": {
        "lastModified": 1673956053,
        "narHash": "sha256-4gtG9iQuiKITOjNQQeQIpoIB6b16fm+504Ch3sNKLd8=",
        "owner": "edolstra",
        "repo": "flake-compat",
        "rev": "35bb57c0c8d8b62bbfd284272c928ceb64ddbde9",
        "type": "github"
      },
      "original": {
        "owner": "edolstra",
        "repo": "flake-compat",
        "type": "github"
      }
    },
    "flake-utils": {
      "locked": {
        "lastModified": 1676283394,
        "narHash": "sha256-XX2f9c3iySLCw54rJ/CZs+ZK6IQy7GXNY4nSOyu2QG4=",
        "owner": "numtide",
        "repo": "flake-utils",
        "rev": "3db36a8b464d0c4532ba1c7dda728f4576d6d073",
        "type": "github"
      },
      "original": {
        "owner": "numtide",
        "repo": "flake-utils",
        "type": "github"
      }
    },
    "flake-utils_2": {
      "locked": {
        "lastModified": 1676283394,
        "narHash": "sha256-XX2f9c3iySLCw54rJ/CZs+ZK6IQy7GXNY4nSOyu2QG4=",
        "path": "/home_nfs/bguibertd/nix/store/lnxbfg693h0zihx38qwdbi7qz8mdzgsg-source",
        "rev": "3db36a8b464d0c4532ba1c7dda728f4576d6d073",
        "type": "path"
      },
      "original": {
        "id": "flake-utils",
        "type": "indirect"
      }
    },
    "gitignore": {
      "inputs": {
        "nixpkgs": [
          "upstream",
          "pre-commit-hooks",
          "nixpkgs"
        ]
      },
      "locked": {
        "lastModified": 1660459072,
        "narHash": "sha256-8DFJjXG8zqoONA1vXtgeKXy68KdJL5UaXR8NtVMUbx8=",
        "owner": "hercules-ci",
        "repo": "gitignore.nix",
        "rev": "a20de23b925fd8264fd7fad6454652e142fd7f73",
        "type": "github"
      },
      "original": {
        "owner": "hercules-ci",
        "repo": "gitignore.nix",
        "type": "github"
      }
    },
    "hpcw": {
      "flake": false,
      "locked": {
        "lastModified": 1677863289,
        "narHash": "sha256-VbfE8CJ3tXFw5OaSpIPAanL2F+sdbhVfeC3GCGcH9qU=",
        "ref": "dg/spack",
        "rev": "1313c930f98536cbec4bed7193017eb4746c7857",
        "revCount": 1319,
        "type": "git",
        "url": "file:///home_nfs/bguibertd/work/hpcw"
      },
      "original": {
        "ref": "dg/spack",
        "type": "git",
        "url": "file:///home_nfs/bguibertd/work/hpcw"
      }
    },
    "lowdown-src": {
      "flake": false,
      "locked": {
        "lastModified": 1653759997,
        "narHash": "sha256-mvWCdd79cNh8VK9wfHsMMF2XFYaHd9DhdlwSa33uW+M=",
        "owner": "kristapsdz",
        "repo": "lowdown",
        "rev": "edca6ce6d5336efb147321a43c47a698de41bb7c",
        "type": "github"
      },
      "original": {
        "owner": "kristapsdz",
        "repo": "lowdown",
        "type": "github"
      }
    },
    "mako-src": {
      "flake": false,
      "locked": {
        "lastModified": 1675707480,
        "narHash": "sha256-2BubGuceEDNAKBzO2MQ5c1EsfR4Cwx8LIY29VOrWorU=",
        "owner": "emersion",
        "repo": "mako",
        "rev": "94016082c82f199c02bfe420d06783d160424176",
        "type": "github"
      },
      "original": {
        "owner": "emersion",
        "ref": "master",
        "repo": "mako",
        "type": "github"
      }
    },
    "nix": {
      "inputs": {
        "lowdown-src": "lowdown-src",
        "nixpkgs": [
          "nixpkgs",
          "upstream",
          "nixpkgs"
        ],
        "nixpkgs-regression": "nixpkgs-regression"
      },
      "locked": {
        "lastModified": 1677092839,
        "narHash": "sha256-eOYtGasgCak3b0c77YMiDovE+vTontdCIMvXqvd99Rk=",
        "owner": "dguibert",
        "repo": "nix",
        "rev": "61474bf035754b394886f6aeada0cba3a2f1666a",
        "type": "github"
      },
      "original": {
        "owner": "dguibert",
        "ref": "pu",
        "repo": "nix",
        "type": "github"
      }
    },
    "nixpack": {
      "inputs": {
        "nixpkgs": [
          "upstream",
          "nixpkgs"
        ],
        "spack": [
          "upstream",
          "spack"
        ]
      },
      "locked": {
        "lastModified": 1678092096,
        "narHash": "sha256-+7NsvJyPQBcQj2rmf2K7u4CSXbHawx638AeE2iONrdA=",
        "owner": "dguibert",
        "repo": "nixpack",
        "rev": "9e0f9dea9b76d2a291da579ada7814520d46dcd7",
        "type": "github"
      },
      "original": {
        "owner": "dguibert",
        "ref": "pu",
        "repo": "nixpack",
        "type": "github"
      }
    },
    "nixpkgs": {
      "inputs": {
        "flake-utils": [
          "nixpkgs",
          "upstream",
          "flake-utils"
        ],
        "nix": [
          "nixpkgs",
          "upstream",
          "nix"
        ],
        "nixpkgs": [
          "nixpkgs",
          "upstream",
          "nixpkgs"
        ],
        "upstream": "upstream"
      },
      "locked": {
        "dir": "nixpkgs/default",
        "lastModified": 1679333222,
        "narHash": "sha256-IaF3xGIza3t4tt1PINyvmv0bKmpIw0XAIB6HA1kw9+0=",
        "owner": "dguibert",
        "repo": "nur-packages",
        "rev": "1de9d4dc33042480539f1ce51df6bbce1963e2fc",
        "type": "github"
      },
      "original": {
        "dir": "nixpkgs/default",
        "owner": "dguibert",
        "ref": "host/default",
        "repo": "nur-packages",
        "type": "github"
      }
    },
    "nixpkgs-regression": {
      "locked": {
        "lastModified": 1643052045,
        "narHash": "sha256-uGJ0VXIhWKGXxkeNnq4TvV3CIOkUJ3PAoLZ3HMzNVMw=",
        "owner": "NixOS",
        "repo": "nixpkgs",
        "rev": "215d4d0fd80ca5163643b03a33fde804a29cc1e2",
        "type": "github"
      },
      "original": {
        "owner": "NixOS",
        "repo": "nixpkgs",
        "rev": "215d4d0fd80ca5163643b03a33fde804a29cc1e2",
        "type": "github"
      }
    },
    "nixpkgs-stable": {
      "locked": {
        "lastModified": 1678872516,
        "narHash": "sha256-/E1YwtMtFAu2KUQKV/1+KFuReYPANM2Rzehk84VxVoc=",
        "owner": "NixOS",
        "repo": "nixpkgs",
        "rev": "9b8e5abb18324c7fe9f07cb100c3cd4a29cda8b8",
        "type": "github"
      },
      "original": {
        "owner": "NixOS",
        "ref": "nixos-22.11",
        "repo": "nixpkgs",
        "type": "github"
      }
    },
    "nixpkgs_2": {
      "locked": {
        "lastModified": 1678134431,
        "narHash": "sha256-TzjtNTFft01ffp43vg0NdeLvIjd6NtjToml7pvVC41E=",
        "owner": "dguibert",
        "repo": "nixpkgs",
        "rev": "b170aafdf314525ca56a5c91aa2a9a708a5cccdf",
        "type": "github"
      },
      "original": {
        "owner": "dguibert",
        "ref": "pu",
        "repo": "nixpkgs",
        "type": "github"
      }
    },
    "pre-commit-hooks": {
      "inputs": {
        "flake-compat": "flake-compat",
        "flake-utils": [
          "upstream",
          "flake-utils"
        ],
        "gitignore": "gitignore",
        "nixpkgs": [
          "upstream",
          "nixpkgs"
        ],
        "nixpkgs-stable": "nixpkgs-stable"
      },
      "locked": {
        "lastModified": 1678976941,
        "narHash": "sha256-skNr08frCwN9NO+7I77MjOHHAw+L410/37JknNld+W4=",
        "owner": "cachix",
        "repo": "pre-commit-hooks.nix",
        "rev": "32b1dbedfd77892a6e375737ef04d8efba634e9e",
        "type": "github"
      },
      "original": {
        "owner": "cachix",
        "repo": "pre-commit-hooks.nix",
        "type": "github"
      }
    },
    "root": {
      "inputs": {
        "flake-utils": [
          "upstream",
          "flake-utils"
        ],
        "nixpkgs": "nixpkgs",
        "upstream": "upstream_2"
      }
    },
    "spack": {
      "flake": false,
      "locked": {
        "lastModified": 1663934778,
        "narHash": "sha256-GK0AvGk5NvahAygOjObCd7t2g4dIarNstv9QnOGm04Q=",
        "ref": "develop",
        "rev": "9f86af36e930396cbfe803230a3e697a91c1ca94",
        "revCount": 27583,
        "type": "git",
        "url": "https://castle.frec.bull.fr:24443/bguibertd/spack.git"
      },
      "original": {
        "ref": "develop",
        "type": "git",
        "url": "https://castle.frec.bull.fr:24443/bguibertd/spack.git"
      }
    },
    "st-src": {
      "flake": false,
      "locked": {
        "lastModified": 1619005886,
        "narHash": "sha256-PGD1oVKzaFARUJnn+IhgcDwqx8xuvnouLhUjaGwsMto=",
        "owner": "dguibert",
        "repo": "st",
        "rev": "d7faa1e059e1cdb7ba0d2383c1f0fc81d6d00e15",
        "type": "github"
      },
      "original": {
        "owner": "dguibert",
        "ref": "pu",
        "repo": "st",
        "type": "github"
      }
    },
    "upstream": {
      "inputs": {
        "dwl-src": "dwl-src",
        "dwm-src": "dwm-src",
        "flake-utils": "flake-utils",
        "mako-src": "mako-src",
        "nix": "nix",
        "nixpkgs": "nixpkgs_2",
        "st-src": "st-src"
      },
      "locked": {
        "lastModified": 1678183602,
        "narHash": "sha256-GQ4WbyMJ/D058xhe/7dr7bQ4eIUC8RzFAVbTnNV/JNo=",
        "owner": "dguibert",
        "repo": "nur-packages",
        "rev": "36f52256f77a94c66cdc24a5d3c7508fcbfd265b",
        "type": "github"
      },
      "original": {
        "owner": "dguibert",
        "ref": "master",
        "repo": "nur-packages",
        "type": "github"
      }
    },
    "upstream_2": {
      "inputs": {
        "flake-utils": "flake-utils_2",
        "hpcw": "hpcw",
        "nixpack": "nixpack",
        "nixpkgs": [
          "nixpkgs"
        ],
        "pre-commit-hooks": "pre-commit-hooks",
        "spack": "spack"
      },
      "locked": {
        "lastModified": 1679389287,
        "narHash": "sha256-YjBN3F/KykqgxRJltFJFzMHNygJY7RDDWfmEz//CJOw=",
        "path": "../..",
        "type": "path"
      },
      "original": {
        "owner": "dguibert",
        "ref": "main",
        "repo": "nixpack-pkgs",
        "type": "github"
      }
    }
  },
  "root": "root",
  "version": 7
}
